{
  "pins" : [
    {
      "identity" : "fluidgradient",
      "kind" : "remoteSourceControl",
      "location" : "https://github.com/Cindori/FluidGradient",
      "state" : {
        "revision" : "9ddda4cf23671ef0228e88681ec6210cb3e0d7f7",
        "version" : "1.0.0"
      }
    },
    {
      "identity" : "swiftuix",
      "kind" : "remoteSourceControl",
      "location" : "https://github.com/SwiftUIX/SwiftUIX",
      "state" : {
        "revision" : "75d5be2c85ec1e3ccbd9d99d321dd3abb5955e8d",
        "version" : "0.1.6"
      }
    }
  ],
  "version" : 2
}
