{
  "originHash" : "b91dc60b7502d9664adc45caacd7202087398cfee6a0b19bf4990f75f2459847",
  "pins" : [
    {
      "identity" : "fluidgradient",
      "kind" : "remoteSourceControl",
      "location" : "https://github.com/Cindori/FluidGradient",
      "state" : {
        "revision" : "9ddda4cf23671ef0228e88681ec6210cb3e0d7f7",
        "version" : "1.0.0"
      }
    },
    {
      "identity" : "swiftuix",
      "kind" : "remoteSourceControl",
      "location" : "https://github.com/SwiftUIX/SwiftUIX",
      "state" : {
        "revision" : "cdc902f828e8c457f601e744cc7607148dcdb91a",
        "version" : "0.2.2"
      }
    }
  ],
  "version" : 3
}
